// !$*UTF8*$!
{
	archiveVersion = 1;
	classes = {
	};
	objectVersion = 48;
	objects = {

/* Begin PBXBuildFile section */
		D86B14521F7D665400289847 /* AppDelegate.swift in Sources */ = {isa = PBXBuildFile; fileRef = D86B14511F7D665400289847 /* AppDelegate.swift */; };
		D86B14541F7D665400289847 /* ViewController.swift in Sources */ = {isa = PBXBuildFile; fileRef = D86B14531F7D665400289847 /* ViewController.swift */; };
		D86B14571F7D665400289847 /* Main.storyboard in Resources */ = {isa = PBXBuildFile; fileRef = D86B14551F7D665400289847 /* Main.storyboard */; };
		D86B14591F7D665400289847 /* Assets.xcassets in Resources */ = {isa = PBXBuildFile; fileRef = D86B14581F7D665400289847 /* Assets.xcassets */; };
		D86B145C1F7D665400289847 /* LaunchScreen.storyboard in Resources */ = {isa = PBXBuildFile; fileRef = D86B145A1F7D665400289847 /* LaunchScreen.storyboard */; };
		D86B14651F7D668100289847 /* CollapsibleView.swift in Sources */ = {isa = PBXBuildFile; fileRef = D86B14641F7D668100289847 /* CollapsibleView.swift */; };
		D881D15B1F7D6AAC0086CCB2 /* CollapsibleView.xib in Resources */ = {isa = PBXBuildFile; fileRef = D881D15A1F7D6AAB0086CCB2 /* CollapsibleView.xib */; };
/* End PBXBuildFile section */

/* Begin PBXFileReference section */
		D86B144E1F7D665400289847 /* Collapsible.app */ = {isa = PBXFileReference; explicitFileType = wrapper.application; includeInIndex = 0; path = Collapsible.app; sourceTree = BUILT_PRODUCTS_DIR; };
		D86B14511F7D665400289847 /* AppDelegate.swift */ = {isa = PBXFileReference; lastKnownFileType = sourcecode.swift; path = AppDelegate.swift; sourceTree = "<group>"; };
		D86B14531F7D665400289847 /* ViewController.swift */ = {isa = PBXFileReference; lastKnownFileType = sourcecode.swift; path = ViewController.swift; sourceTree = "<group>"; };
		D86B14561F7D665400289847 /* Base */ = {isa = PBXFileReference; lastKnownFileType = file.storyboard; name = Base; path = Base.lproj/Main.storyboard; sourceTree = "<group>"; };
		D86B14581F7D665400289847 /* Assets.xcassets */ = {isa = PBXFileReference; lastKnownFileType = folder.assetcatalog; path = Assets.xcassets; sourceTree = "<group>"; };
		D86B145B1F7D665400289847 /* Base */ = {isa = PBXFileReference; lastKnownFileType = file.storyboard; name = Base; path = Base.lproj/LaunchScreen.storyboard; sourceTree = "<group>"; };
		D86B145D1F7D665400289847 /* Info.plist */ = {isa = PBXFileReference; lastKnownFileType = text.plist.xml; path = Info.plist; sourceTree = "<group>"; };
		D86B14641F7D668100289847 /* CollapsibleView.swift */ = {isa = PBXFileReference; lastKnownFileType = sourcecode.swift; path = CollapsibleView.swift; sourceTree = "<group>"; };
		D881D15A1F7D6AAB0086CCB2 /* CollapsibleView.xib */ = {isa = PBXFileReference; lastKnownFileType = file.xib; path = CollapsibleView.xib; sourceTree = "<group>"; };
/* End PBXFileReference section */

/* Begin PBXFrameworksBuildPhase section */
		D86B144B1F7D665400289847 /* Frameworks */ = {
			isa = PBXFrameworksBuildPhase;
			buildActionMask = 2147483647;
			files = (
			);
			runOnlyForDeploymentPostprocessing = 0;
		};
/* End PBXFrameworksBuildPhase section */

/* Begin PBXGroup section */
		D86B14451F7D665300289847 = {
			isa = PBXGroup;
			children = (
				D86B14501F7D665400289847 /* Collapsible */,
				D86B144F1F7D665400289847 /* Products */,
			);
			sourceTree = "<group>";
		};
		D86B144F1F7D665400289847 /* Products */ = {
			isa = PBXGroup;
			children = (
				D86B144E1F7D665400289847 /* Collapsible.app */,
			);
			name = Products;
			sourceTree = "<group>";
		};
		D86B14501F7D665400289847 /* Collapsible */ = {
			isa = PBXGroup;
			children = (
				D86B14631F7D665F00289847 /* View */,
				D86B14511F7D665400289847 /* AppDelegate.swift */,
				D86B14531F7D665400289847 /* ViewController.swift */,
				D86B14551F7D665400289847 /* Main.storyboard */,
				D86B14581F7D665400289847 /* Assets.xcassets */,
				D86B145A1F7D665400289847 /* LaunchScreen.storyboard */,
				D86B145D1F7D665400289847 /* Info.plist */,
			);
			path = Collapsible;
			sourceTree = "<group>";
		};
		D86B14631F7D665F00289847 /* View */ = {
			isa = PBXGroup;
			children = (
				D86B14641F7D668100289847 /* CollapsibleView.swift */,
				D881D15A1F7D6AAB0086CCB2 /* CollapsibleView.xib */,
			);
			path = View;
			sourceTree = "<group>";
		};
/* End PBXGroup section */

/* Begin PBXNativeTarget section */
		D86B144D1F7D665400289847 /* Collapsible */ = {
			isa = PBXNativeTarget;
			buildConfigurationList = D86B14601F7D665400289847 /* Build configuration list for PBXNativeTarget "Collapsible" */;
			buildPhases = (
				D86B144A1F7D665400289847 /* Sources */,
				D86B144B1F7D665400289847 /* Frameworks */,
				D86B144C1F7D665400289847 /* Resources */,
			);
			buildRules = (
			);
			dependencies = (
			);
			name = Collapsible;
			productName = Collapsible;
			productReference = D86B144E1F7D665400289847 /* Collapsible.app */;
			productType = "com.apple.product-type.application";
		};
/* End PBXNativeTarget section */

/* Begin PBXProject section */
		D86B14461F7D665300289847 /* Project object */ = {
			isa = PBXProject;
			attributes = {
				LastSwiftUpdateCheck = 0900;
				LastUpgradeCheck = 0900;
				ORGANIZATIONNAME = "Nathan Mattes";
				TargetAttributes = {
					D86B144D1F7D665400289847 = {
						CreatedOnToolsVersion = 9.0;
						ProvisioningStyle = Automatic;
					};
				};
			};
			buildConfigurationList = D86B14491F7D665400289847 /* Build configuration list for PBXProject "Collapsible" */;
			compatibilityVersion = "Xcode 8.0";
			developmentRegion = en;
			hasScannedForEncodings = 0;
			knownRegions = (
				en,
				Base,
			);
			mainGroup = D86B14451F7D665300289847;
			productRefGroup = D86B144F1F7D665400289847 /* Products */;
			projectDirPath = "";
			projectRoot = "";
			targets = (
				D86B144D1F7D665400289847 /* Collapsible */,
			);
		};
/* End PBXProject section */

/* Begin PBXResourcesBuildPhase section */
		D86B144C1F7D665400289847 /* Resources */ = {
			isa = PBXResourcesBuildPhase;
			buildActionMask = 2147483647;
			files = (
				D86B145C1F7D665400289847 /* LaunchScreen.storyboard in Resources */,
				D881D15B1F7D6AAC0086CCB2 /* CollapsibleView.xib in Resources */,
				D86B14591F7D665400289847 /* Assets.xcassets in Resources */,
				D86B14571F7D665400289847 /* Main.storyboard in Resources */,
			);
			runOnlyForDeploymentPostprocessing = 0;
		};
/* End PBXResourcesBuildPhase section */

/* Begin PBXSourcesBuildPhase section */
		D86B144A1F7D665400289847 /* Sources */ = {
			isa = PBXSourcesBuildPhase;
			buildActionMask = 2147483647;
			files = (
				D86B14651F7D668100289847 /* CollapsibleView.swift in Sources */,
				D86B14541F7D665400289847 /* ViewController.swift in Sources */,
				D86B14521F7D665400289847 /* AppDelegate.swift in Sources */,
			);
			runOnlyForDeploymentPostprocessing = 0;
		};
/* End PBXSourcesBuildPhase section */

/* Begin PBXVariantGroup section */
		D86B14551F7D665400289847 /* Main.storyboard */ = {
			isa = PBXVariantGroup;
			children = (
				D86B14561F7D665400289847 /* Base */,
			);
			name = Main.storyboard;
			sourceTree = "<group>";
		};
		D86B145A1F7D665400289847 /* LaunchScreen.storyboard */ = {
			isa = PBXVariantGroup;
			children = (
				D86B145B1F7D665400289847 /* Base */,
			);
			name = LaunchScreen.storyboard;
			sourceTree = "<group>";
		};
/* End PBXVariantGroup section */

/* Begin XCBuildConfiguration section */
		D86B145E1F7D665400289847 /* Debug */ = {
			isa = XCBuildConfiguration;
			buildSettings = {
				ALWAYS_SEARCH_USER_PATHS = NO;
				CLANG_ANALYZER_NONNULL = YES;
				CLANG_ANALYZER_NUMBER_OBJECT_CONVERSION = YES_AGGRESSIVE;
				CLANG_CXX_LANGUAGE_STANDARD = "gnu++14";
				CLANG_CXX_LIBRARY = "libc++";
				CLANG_ENABLE_MODULES = YES;
				CLANG_ENABLE_OBJC_ARC = YES;
				CLANG_WARN_BLOCK_CAPTURE_AUTORELEASING = YES;
				CLANG_WARN_BOOL_CONVERSION = YES;
				CLANG_WARN_COMMA = YES;
				CLANG_WARN_CONSTANT_CONVERSION = YES;
				CLANG_WARN_DIRECT_OBJC_ISA_USAGE = YES_ERROR;
				CLANG_WARN_DOCUMENTATION_COMMENTS = YES;
				CLANG_WARN_EMPTY_BODY = YES;
				CLANG_WARN_ENUM_CONVERSION = YES;
				CLANG_WARN_INFINITE_RECURSION = YES;
				CLANG_WARN_INT_CONVERSION = YES;
				CLANG_WARN_NON_LITERAL_NULL_CONVERSION = YES;
				CLANG_WARN_OBJC_LITERAL_CONVERSION = YES;
				CLANG_WARN_OBJC_ROOT_CLASS = YES_ERROR;
				CLANG_WARN_RANGE_LOOP_ANALYSIS = YES;
				CLANG_WARN_STRICT_PROTOTYPES = YES;
				CLANG_WARN_SUSPICIOUS_MOVE = YES;
				CLANG_WARN_UNGUARDED_AVAILABILITY = YES_AGGRESSIVE;
				CLANG_WARN_UNREACHABLE_CODE = YES;
				CLANG_WARN__DUPLICATE_METHOD_MATCH = YES;
				CODE_SIGN_IDENTITY = "iPhone Developer";
				COPY_PHASE_STRIP = NO;
				DEBUG_INFORMATION_FORMAT = dwarf;
				ENABLE_STRICT_OBJC_MSGSEND = YES;
				ENABLE_TESTABILITY = YES;
				GCC_C_LANGUAGE_STANDARD = gnu11;
				GCC_DYNAMIC_NO_PIC = NO;
				GCC_NO_COMMON_BLOCKS = YES;
				GCC_OPTIMIZATION_LEVEL = 0;
				GCC_PREPROCESSOR_DEFINITIONS = (
					"DEBUG=1",
					"$(inherited)",
				);
				GCC_WARN_64_TO_32_BIT_CONVERSION = YES;
				GCC_WARN_ABOUT_RETURN_TYPE = YES_ERROR;
				GCC_WARN_UNDECLARED_SELECTOR = YES;
				GCC_WARN_UNINITIALIZED_AUTOS = YES_AGGRESSIVE;
				GCC_WARN_UNUSED_FUNCTION = YES;
				GCC_WARN_UNUSED_VARIABLE = YES;
				IPHONEOS_DEPLOYMENT_TARGET = 11.0;
				MTL_ENABLE_DEBUG_INFO = YES;
				ONLY_ACTIVE_ARCH = YES;
				SDKROOT = iphoneos;
				SWIFT_ACTIVE_COMPILATION_CONDITIONS = DEBUG;
				SWIFT_OPTIMIZATION_LEVEL = "-Onone";
			};
			name = Debug;
		};
		D86B145F1F7D665400289847 /* Release */ = {
			isa = XCBuildConfiguration;
			buildSettings = {
				ALWAYS_SEARCH_USER_PATHS = NO;
				CLANG_ANALYZER_NONNULL = YES;
				CLANG_ANALYZER_NUMBER_OBJECT_CONVERSION = YES_AGGRESSIVE;
				CLANG_CXX_LANGUAGE_STANDARD = "gnu++14";
				CLANG_CXX_LIBRARY = "libc++";
				CLANG_ENABLE_MODULES = YES;
				CLANG_ENABLE_OBJC_ARC = YES;
				CLANG_WARN_BLOCK_CAPTURE_AUTORELEASING = YES;
				CLANG_WARN_BOOL_CONVERSION = YES;
				CLANG_WARN_COMMA = YES;
				CLANG_WARN_CONSTANT_CONVERSION = YES;
				CLANG_WARN_DIRECT_OBJC_ISA_USAGE = YES_ERROR;
				CLANG_WARN_DOCUMENTATION_COMMENTS = YES;
				CLANG_WARN_EMPTY_BODY = YES;
				CLANG_WARN_ENUM_CONVERSION = YES;
				CLANG_WARN_INFINITE_RECURSION = YES;
				CLANG_WARN_INT_CONVERSION = YES;
				CLANG_WARN_NON_LITERAL_NULL_CONVERSION = YES;
				CLANG_WARN_OBJC_LITERAL_CONVERSION = YES;
				CLANG_WARN_OBJC_ROOT_CLASS = YES_ERROR;
				CLANG_WARN_RANGE_LOOP_ANALYSIS = YES;
				CLANG_WARN_STRICT_PROTOTYPES = YES;
				CLANG_WARN_SUSPICIOUS_MOVE = YES;
				CLANG_WARN_UNGUARDED_AVAILABILITY = YES_AGGRESSIVE;
				CLANG_WARN_UNREACHABLE_CODE = YES;
				CLANG_WARN__DUPLICATE_METHOD_MATCH = YES;
				CODE_SIGN_IDENTITY = "iPhone Developer";
				COPY_PHASE_STRIP = NO;
				DEBUG_INFORMATION_FORMAT = "dwarf-with-dsym";
				ENABLE_NS_ASSERTIONS = NO;
				ENABLE_STRICT_OBJC_MSGSEND = YES;
				GCC_C_LANGUAGE_STANDARD = gnu11;
				GCC_NO_COMMON_BLOCKS = YES;
				GCC_WARN_64_TO_32_BIT_CONVERSION = YES;
				GCC_WARN_ABOUT_RETURN_TYPE = YES_ERROR;
				GCC_WARN_UNDECLARED_SELECTOR = YES;
				GCC_WARN_UNINITIALIZED_AUTOS = YES_AGGRESSIVE;
				GCC_WARN_UNUSED_FUNCTION = YES;
				GCC_WARN_UNUSED_VARIABLE = YES;
				IPHONEOS_DEPLOYMENT_TARGET = 11.0;
				MTL_ENABLE_DEBUG_INFO = NO;
				SDKROOT = iphoneos;
				SWIFT_OPTIMIZATION_LEVEL = "-Owholemodule";
				VALIDATE_PRODUCT = YES;
			};
			name = Release;
		};
		D86B14611F7D665400289847 /* Debug */ = {
			isa = XCBuildConfiguration;
			buildSettings = {
				ASSETCATALOG_COMPILER_APPICON_NAME = AppIcon;
				CODE_SIGN_STYLE = Automatic;
				DEVELOPMENT_TEAM = 4H44S5YAWR;
				INFOPLIST_FILE = Collapsible/Info.plist;
				LD_RUNPATH_SEARCH_PATHS = "$(inherited) @executable_path/Frameworks";
				PRODUCT_BUNDLE_IDENTIFIER = de.bullenscheisse.Collapsible;
				PRODUCT_NAME = "$(TARGET_NAME)";
				SWIFT_VERSION = 4.0;
				TARGETED_DEVICE_FAMILY = "1,2";
			};
			name = Debug;
		};
		D86B14621F7D665400289847 /* Release */ = {
			isa = XCBuildConfiguration;
			buildSettings = {
				ASSETCATALOG_COMPILER_APPICON_NAME = AppIcon;
				CODE_SIGN_STYLE = Automatic;
				DEVELOPMENT_TEAM = 4H44S5YAWR;
				INFOPLIST_FILE = Collapsible/Info.plist;
				LD_RUNPATH_SEARCH_PATHS = "$(inherited) @executable_path/Frameworks";
				PRODUCT_BUNDLE_IDENTIFIER = de.bullenscheisse.Collapsible;
				PRODUCT_NAME = "$(TARGET_NAME)";
				SWIFT_VERSION = 4.0;
				TARGETED_DEVICE_FAMILY = "1,2";
			};
			name = Release;
		};
/* End XCBuildConfiguration section */

/* Begin XCConfigurationList section */
		D86B14491F7D665400289847 /* Build configuration list for PBXProject "Collapsible" */ = {
			isa = XCConfigurationList;
			buildConfigurations = (
				D86B145E1F7D665400289847 /* Debug */,
				D86B145F1F7D665400289847 /* Release */,
			);
			defaultConfigurationIsVisible = 0;
			defaultConfigurationName = Release;
		};
		D86B14601F7D665400289847 /* Build configuration list for PBXNativeTarget "Collapsible" */ = {
			isa = XCConfigurationList;
			buildConfigurations = (
				D86B14611F7D665400289847 /* Debug */,
				D86B14621F7D665400289847 /* Release */,
			);
			defaultConfigurationIsVisible = 0;
			defaultConfigurationName = Release;
		};
/* End XCConfigurationList section */
	};
	rootObject = D86B14461F7D665300289847 /* Project object */;
}
